Microsoft Visual Studio Solution File, Format Version 12.00
# Dotnet CLI generated
Project("{FAE04EC0-301F-11D3-BF4B-00C04F79EFBC}") = "Enterprise.Shared", "src\Enterprise.Shared\Enterprise.Shared.csproj", "{00000001-0000-4000-8000-000000000000}"
EndProject
Project("{FAE04EC0-301F-11D3-BF4B-00C04F79EFBC}") = "TP01A.Contracts", "Tasks\TP01\A\Contracts\TP01A.Contracts.csproj", "{00000002-0000-4000-8000-000000000000}"
EndProject
Project("{FAE04EC0-301F-11D3-BF4B-00C04F79EFBC}") = "TP01A.Participant", "Tasks\TP01\A\Participant\TP01A.Participant.csproj", "{00000003-0000-4000-8000-000000000000}"
EndProject
Project("{FAE04EC0-301F-11D3-BF4B-00C04F79EFBC}") = "TP01A.Evaluation", "Tasks\TP01\A\Evaluation\TP01A.Evaluation.csproj", "{00000004-0000-4000-8000-000000000000}"
EndProject
Project("{FAE04EC0-301F-11D3-BF4B-00C04F79EFBC}") = "TP01B.Contracts", "Tasks\TP01\B\Contracts\TP01B.Contracts.csproj", "{00000005-0000-4000-8000-000000000000}"
EndProject
Project("{FAE04EC0-301F-11D3-BF4B-00C04F79EFBC}") = "TP01B.Participant", "Tasks\TP01\B\Participant\TP01B.Participant.csproj", "{00000006-0000-4000-8000-000000000000}"
EndProject
Project("{FAE04EC0-301F-11D3-BF4B-00C04F79EFBC}") = "TP01B.Evaluation", "Tasks\TP01\B\Evaluation\TP01B.Evaluation.csproj", "{00000007-0000-4000-8000-000000000000}"
EndProject
Project("{FAE04EC0-301F-11D3-BF4B-00C04F79EFBC}") = "TP02A.Contracts", "Tasks\TP02\A\Contracts\TP02A.Contracts.csproj", "{00000008-0000-4000-8000-000000000000}"
EndProject
Project("{FAE04EC0-301F-11D3-BF4B-00C04F79EFBC}") = "TP02A.Participant", "Tasks\TP02\A\Participant\TP02A.Participant.csproj", "{00000009-0000-4000-8000-000000000000}"
EndProject
Project("{FAE04EC0-301F-11D3-BF4B-00C04F79EFBC}") = "TP02A.Evaluation", "Tasks\TP02\A\Evaluation\TP02A.Evaluation.csproj", "{0000000A-0000-4000-8000-000000000000}"
EndProject
Project("{FAE04EC0-301F-11D3-BF4B-00C04F79EFBC}") = "TP02B.Contracts", "Tasks\TP02\B\Contracts\TP02B.Contracts.csproj", "{0000000B-0000-4000-8000-000000000000}"
EndProject
Project("{FAE04EC0-301F-11D3-BF4B-00C04F79EFBC}") = "TP02B.Participant", "Tasks\TP02\B\Participant\TP02B.Participant.csproj", "{0000000C-0000-4000-8000-000000000000}"
EndProject
Project("{FAE04EC0-301F-11D3-BF4B-00C04F79EFBC}") = "TP02B.Evaluation", "Tasks\TP02\B\Evaluation\TP02B.Evaluation.csproj", "{0000000D-0000-4000-8000-000000000000}"
EndProject
Project("{FAE04EC0-301F-11D3-BF4B-00C04F79EFBC}") = "TP03A.Contracts", "Tasks\TP03\A\Contracts\TP03A.Contracts.csproj", "{0000000E-0000-4000-8000-000000000000}"
EndProject
Project("{FAE04EC0-301F-11D3-BF4B-00C04F79EFBC}") = "TP03A.Participant", "Tasks\TP03\A\Participant\TP03A.Participant.csproj", "{0000000F-0000-4000-8000-000000000000}"
EndProject
Project("{FAE04EC0-301F-11D3-BF4B-00C04F79EFBC}") = "TP03A.Evaluation", "Tasks\TP03\A\Evaluation\TP03A.Evaluation.csproj", "{00000010-0000-4000-8000-000000000000}"
EndProject
Project("{FAE04EC0-301F-11D3-BF4B-00C04F79EFBC}") = "TP03B.Contracts", "Tasks\TP03\B\Contracts\TP03B.Contracts.csproj", "{00000011-0000-4000-8000-000000000000}"
EndProject
Project("{FAE04EC0-301F-11D3-BF4B-00C04F79EFBC}") = "TP03B.Participant", "Tasks\TP03\B\Participant\TP03B.Participant.csproj", "{00000012-0000-4000-8000-000000000000}"
EndProject
Project("{FAE04EC0-301F-11D3-BF4B-00C04F79EFBC}") = "TP03B.Evaluation", "Tasks\TP03\B\Evaluation\TP03B.Evaluation.csproj", "{00000013-0000-4000-8000-000000000000}"
EndProject
Project("{FAE04EC0-301F-11D3-BF4B-00C04F79EFBC}") = "TP04A.Contracts", "Tasks\TP04\A\Contracts\TP04A.Contracts.csproj", "{00000014-0000-4000-8000-000000000000}"
EndProject
Project("{FAE04EC0-301F-11D3-BF4B-00C04F79EFBC}") = "TP04A.Participant", "Tasks\TP04\A\Participant\TP04A.Participant.csproj", "{00000015-0000-4000-8000-000000000000}"
EndProject
Project("{FAE04EC0-301F-11D3-BF4B-00C04F79EFBC}") = "TP04A.Evaluation", "Tasks\TP04\A\Evaluation\TP04A.Evaluation.csproj", "{00000016-0000-4000-8000-000000000000}"
EndProject
Project("{FAE04EC0-301F-11D3-BF4B-00C04F79EFBC}") = "TP04B.Contracts", "Tasks\TP04\B\Contracts\TP04B.Contracts.csproj", "{00000017-0000-4000-8000-000000000000}"
EndProject
Project("{FAE04EC0-301F-11D3-BF4B-00C04F79EFBC}") = "TP04B.Participant", "Tasks\TP04\B\Participant\TP04B.Participant.csproj", "{00000018-0000-4000-8000-000000000000}"
EndProject
Project("{FAE04EC0-301F-11D3-BF4B-00C04F79EFBC}") = "TP04B.Evaluation", "Tasks\TP04\B\Evaluation\TP04B.Evaluation.csproj", "{00000019-0000-4000-8000-000000000000}"
EndProject
Project("{FAE04EC0-301F-11D3-BF4B-00C04F79EFBC}") = "TP05A.Contracts", "Tasks\TP05\A\Contracts\TP05A.Contracts.csproj", "{0000001A-0000-4000-8000-000000000000}"
EndProject
Project("{FAE04EC0-301F-11D3-BF4B-00C04F79EFBC}") = "TP05A.Participant", "Tasks\TP05\A\Participant\TP05A.Participant.csproj", "{0000001B-0000-4000-8000-000000000000}"
EndProject
Project("{FAE04EC0-301F-11D3-BF4B-00C04F79EFBC}") = "TP05A.Evaluation", "Tasks\TP05\A\Evaluation\TP05A.Evaluation.csproj", "{0000001C-0000-4000-8000-000000000000}"
EndProject
Project("{FAE04EC0-301F-11D3-BF4B-00C04F79EFBC}") = "TP05B.Contracts", "Tasks\TP05\B\Contracts\TP05B.Contracts.csproj", "{0000001D-0000-4000-8000-000000000000}"
EndProject
Project("{FAE04EC0-301F-11D3-BF4B-00C04F79EFBC}") = "TP05B.Participant", "Tasks\TP05\B\Participant\TP05B.Participant.csproj", "{0000001E-0000-4000-8000-000000000000}"
EndProject
Project("{FAE04EC0-301F-11D3-BF4B-00C04F79EFBC}") = "TP05B.Evaluation", "Tasks\TP05\B\Evaluation\TP05B.Evaluation.csproj", "{0000001F-0000-4000-8000-000000000000}"
EndProject
Project("{FAE04EC0-301F-11D3-BF4B-00C04F79EFBC}") = "TP06A.Contracts", "Tasks\TP06\A\Contracts\TP06A.Contracts.csproj", "{00000020-0000-4000-8000-000000000000}"
EndProject
Project("{FAE04EC0-301F-11D3-BF4B-00C04F79EFBC}") = "TP06A.Participant", "Tasks\TP06\A\Participant\TP06A.Participant.csproj", "{00000021-0000-4000-8000-000000000000}"
EndProject
Project("{FAE04EC0-301F-11D3-BF4B-00C04F79EFBC}") = "TP06A.Evaluation", "Tasks\TP06\A\Evaluation\TP06A.Evaluation.csproj", "{00000022-0000-4000-8000-000000000000}"
EndProject
Project("{FAE04EC0-301F-11D3-BF4B-00C04F79EFBC}") = "TP06B.Contracts", "Tasks\TP06\B\Contracts\TP06B.Contracts.csproj", "{00000023-0000-4000-8000-000000000000}"
EndProject
Project("{FAE04EC0-301F-11D3-BF4B-00C04F79EFBC}") = "TP06B.Participant", "Tasks\TP06\B\Participant\TP06B.Participant.csproj", "{00000024-0000-4000-8000-000000000000}"
EndProject
Project("{FAE04EC0-301F-11D3-BF4B-00C04F79EFBC}") = "TP06B.Evaluation", "Tasks\TP06\B\Evaluation\TP06B.Evaluation.csproj", "{00000025-0000-4000-8000-000000000000}"
EndProject
Project("{FAE04EC0-301F-11D3-BF4B-00C04F79EFBC}") = "TP07A.Contracts", "Tasks\TP07\A\Contracts\TP07A.Contracts.csproj", "{00000026-0000-4000-8000-000000000000}"
EndProject
Project("{FAE04EC0-301F-11D3-BF4B-00C04F79EFBC}") = "TP07A.Participant", "Tasks\TP07\A\Participant\TP07A.Participant.csproj", "{00000027-0000-4000-8000-000000000000}"
EndProject
Project("{FAE04EC0-301F-11D3-BF4B-00C04F79EFBC}") = "TP07A.Evaluation", "Tasks\TP07\A\Evaluation\TP07A.Evaluation.csproj", "{00000028-0000-4000-8000-000000000000}"
EndProject
Project("{FAE04EC0-301F-11D3-BF4B-00C04F79EFBC}") = "TP07B.Contracts", "Tasks\TP07\B\Contracts\TP07B.Contracts.csproj", "{00000029-0000-4000-8000-000000000000}"
EndProject
Project("{FAE04EC0-301F-11D3-BF4B-00C04F79EFBC}") = "TP07B.Participant", "Tasks\TP07\B\Participant\TP07B.Participant.csproj", "{0000002A-0000-4000-8000-000000000000}"
EndProject
Project("{FAE04EC0-301F-11D3-BF4B-00C04F79EFBC}") = "TP07B.Evaluation", "Tasks\TP07\B\Evaluation\TP07B.Evaluation.csproj", "{0000002B-0000-4000-8000-000000000000}"
EndProject
Project("{FAE04EC0-301F-11D3-BF4B-00C04F79EFBC}") = "TP08A.Contracts", "Tasks\TP08\A\Contracts\TP08A.Contracts.csproj", "{0000002C-0000-4000-8000-000000000000}"
EndProject
Project("{FAE04EC0-301F-11D3-BF4B-00C04F79EFBC}") = "TP08A.Participant", "Tasks\TP08\A\Participant\TP08A.Participant.csproj", "{0000002D-0000-4000-8000-000000000000}"
EndProject
Project("{FAE04EC0-301F-11D3-BF4B-00C04F79EFBC}") = "TP08A.Evaluation", "Tasks\TP08\A\Evaluation\TP08A.Evaluation.csproj", "{0000002E-0000-4000-8000-000000000000}"
EndProject
Project("{FAE04EC0-301F-11D3-BF4B-00C04F79EFBC}") = "TP08B.Contracts", "Tasks\TP08\B\Contracts\TP08B.Contracts.csproj", "{0000002F-0000-4000-8000-000000000000}"
EndProject
Project("{FAE04EC0-301F-11D3-BF4B-00C04F79EFBC}") = "TP08B.Participant", "Tasks\TP08\B\Participant\TP08B.Participant.csproj", "{00000030-0000-4000-8000-000000000000}"
EndProject
Project("{FAE04EC0-301F-11D3-BF4B-00C04F79EFBC}") = "TP08B.Evaluation", "Tasks\TP08\B\Evaluation\TP08B.Evaluation.csproj", "{00000031-0000-4000-8000-000000000000}"
EndProject
Global
	GlobalSection(SolutionConfigurationPlatforms) = preSolution
		Debug|Any CPU = Debug|Any CPU
		Release|Any CPU = Release|Any CPU
	EndGlobalSection
	GlobalSection(ProjectConfigurationPlatforms) = postSolution
		{00000001-0000-4000-8000-000000000000}.Debug|Any CPU.ActiveCfg = Debug|Any CPU
		{00000001-0000-4000-8000-000000000000}.Debug|Any CPU.Build.0 = Debug|Any CPU
		{00000001-0000-4000-8000-000000000000}.Release|Any CPU.ActiveCfg = Release|Any CPU
		{00000001-0000-4000-8000-000000000000}.Release|Any CPU.Build.0 = Release|Any CPU
		{00000002-0000-4000-8000-000000000000}.Debug|Any CPU.ActiveCfg = Debug|Any CPU
		{00000002-0000-4000-8000-000000000000}.Debug|Any CPU.Build.0 = Debug|Any CPU
		{00000002-0000-4000-8000-000000000000}.Release|Any CPU.ActiveCfg = Release|Any CPU
		{00000002-0000-4000-8000-000000000000}.Release|Any CPU.Build.0 = Release|Any CPU
		{00000003-0000-4000-8000-000000000000}.Debug|Any CPU.ActiveCfg = Debug|Any CPU
		{00000003-0000-4000-8000-000000000000}.Debug|Any CPU.Build.0 = Debug|Any CPU
		{00000003-0000-4000-8000-000000000000}.Release|Any CPU.ActiveCfg = Release|Any CPU
		{00000003-0000-4000-8000-000000000000}.Release|Any CPU.Build.0 = Release|Any CPU
		{00000004-0000-4000-8000-000000000000}.Debug|Any CPU.ActiveCfg = Debug|Any CPU
		{00000004-0000-4000-8000-000000000000}.Debug|Any CPU.Build.0 = Debug|Any CPU
		{00000004-0000-4000-8000-000000000000}.Release|Any CPU.ActiveCfg = Release|Any CPU
		{00000004-0000-4000-8000-000000000000}.Release|Any CPU.Build.0 = Release|Any CPU
		{00000005-0000-4000-8000-000000000000}.Debug|Any CPU.ActiveCfg = Debug|Any CPU
		{00000005-0000-4000-8000-000000000000}.Debug|Any CPU.Build.0 = Debug|Any CPU
		{00000005-0000-4000-8000-000000000000}.Release|Any CPU.ActiveCfg = Release|Any CPU
		{00000005-0000-4000-8000-000000000000}.Release|Any CPU.Build.0 = Release|Any CPU
		{00000006-0000-4000-8000-000000000000}.Debug|Any CPU.ActiveCfg = Debug|Any CPU
		{00000006-0000-4000-8000-000000000000}.Debug|Any CPU.Build.0 = Debug|Any CPU
		{00000006-0000-4000-8000-000000000000}.Release|Any CPU.ActiveCfg = Release|Any CPU
		{00000006-0000-4000-8000-000000000000}.Release|Any CPU.Build.0 = Release|Any CPU
		{00000007-0000-4000-8000-000000000000}.Debug|Any CPU.ActiveCfg = Debug|Any CPU
		{00000007-0000-4000-8000-000000000000}.Debug|Any CPU.Build.0 = Debug|Any CPU
		{00000007-0000-4000-8000-000000000000}.Release|Any CPU.ActiveCfg = Release|Any CPU
		{00000007-0000-4000-8000-000000000000}.Release|Any CPU.Build.0 = Release|Any CPU
		{00000008-0000-4000-8000-000000000000}.Debug|Any CPU.ActiveCfg = Debug|Any CPU
		{00000008-0000-4000-8000-000000000000}.Debug|Any CPU.Build.0 = Debug|Any CPU
		{00000008-0000-4000-8000-000000000000}.Release|Any CPU.ActiveCfg = Release|Any CPU
		{00000008-0000-4000-8000-000000000000}.Release|Any CPU.Build.0 = Release|Any CPU
		{00000009-0000-4000-8000-000000000000}.Debug|Any CPU.ActiveCfg = Debug|Any CPU
		{00000009-0000-4000-8000-000000000000}.Debug|Any CPU.Build.0 = Debug|Any CPU
		{00000009-0000-4000-8000-000000000000}.Release|Any CPU.ActiveCfg = Release|Any CPU
		{00000009-0000-4000-8000-000000000000}.Release|Any CPU.Build.0 = Release|Any CPU
		{0000000A-0000-4000-8000-000000000000}.Debug|Any CPU.ActiveCfg = Debug|Any CPU
		{0000000A-0000-4000-8000-000000000000}.Debug|Any CPU.Build.0 = Debug|Any CPU
		{0000000A-0000-4000-8000-000000000000}.Release|Any CPU.ActiveCfg = Release|Any CPU
		{0000000A-0000-4000-8000-000000000000}.Release|Any CPU.Build.0 = Release|Any CPU
		{0000000B-0000-4000-8000-000000000000}.Debug|Any CPU.ActiveCfg = Debug|Any CPU
		{0000000B-0000-4000-8000-000000000000}.Debug|Any CPU.Build.0 = Debug|Any CPU
		{0000000B-0000-4000-8000-000000000000}.Release|Any CPU.ActiveCfg = Release|Any CPU
		{0000000B-0000-4000-8000-000000000000}.Release|Any CPU.Build.0 = Release|Any CPU
		{0000000C-0000-4000-8000-000000000000}.Debug|Any CPU.ActiveCfg = Debug|Any CPU
		{0000000C-0000-4000-8000-000000000000}.Debug|Any CPU.Build.0 = Debug|Any CPU
		{0000000C-0000-4000-8000-000000000000}.Release|Any CPU.ActiveCfg = Release|Any CPU
		{0000000C-0000-4000-8000-000000000000}.Release|Any CPU.Build.0 = Release|Any CPU
		{0000000D-0000-4000-8000-000000000000}.Debug|Any CPU.ActiveCfg = Debug|Any CPU
		{0000000D-0000-4000-8000-000000000000}.Debug|Any CPU.Build.0 = Debug|Any CPU
		{0000000D-0000-4000-8000-000000000000}.Release|Any CPU.ActiveCfg = Release|Any CPU
		{0000000D-0000-4000-8000-000000000000}.Release|Any CPU.Build.0 = Release|Any CPU
		{0000000E-0000-4000-8000-000000000000}.Debug|Any CPU.ActiveCfg = Debug|Any CPU
		{0000000E-0000-4000-8000-000000000000}.Debug|Any CPU.Build.0 = Debug|Any CPU
		{0000000E-0000-4000-8000-000000000000}.Release|Any CPU.ActiveCfg = Release|Any CPU
		{0000000E-0000-4000-8000-000000000000}.Release|Any CPU.Build.0 = Release|Any CPU
		{0000000F-0000-4000-8000-000000000000}.Debug|Any CPU.ActiveCfg = Debug|Any CPU
		{0000000F-0000-4000-8000-000000000000}.Debug|Any CPU.Build.0 = Debug|Any CPU
		{0000000F-0000-4000-8000-000000000000}.Release|Any CPU.ActiveCfg = Release|Any CPU
		{0000000F-0000-4000-8000-000000000000}.Release|Any CPU.Build.0 = Release|Any CPU
		{00000010-0000-4000-8000-000000000000}.Debug|Any CPU.ActiveCfg = Debug|Any CPU
		{00000010-0000-4000-8000-000000000000}.Debug|Any CPU.Build.0 = Debug|Any CPU
		{00000010-0000-4000-8000-000000000000}.Release|Any CPU.ActiveCfg = Release|Any CPU
		{00000010-0000-4000-8000-000000000000}.Release|Any CPU.Build.0 = Release|Any CPU
		{00000011-0000-4000-8000-000000000000}.Debug|Any CPU.ActiveCfg = Debug|Any CPU
		{00000011-0000-4000-8000-000000000000}.Debug|Any CPU.Build.0 = Debug|Any CPU
		{00000011-0000-4000-8000-000000000000}.Release|Any CPU.ActiveCfg = Release|Any CPU
		{00000011-0000-4000-8000-000000000000}.Release|Any CPU.Build.0 = Release|Any CPU
		{00000012-0000-4000-8000-000000000000}.Debug|Any CPU.ActiveCfg = Debug|Any CPU
		{00000012-0000-4000-8000-000000000000}.Debug|Any CPU.Build.0 = Debug|Any CPU
		{00000012-0000-4000-8000-000000000000}.Release|Any CPU.ActiveCfg = Release|Any CPU
		{00000012-0000-4000-8000-000000000000}.Release|Any CPU.Build.0 = Release|Any CPU
		{00000013-0000-4000-8000-000000000000}.Debug|Any CPU.ActiveCfg = Debug|Any CPU
		{00000013-0000-4000-8000-000000000000}.Debug|Any CPU.Build.0 = Debug|Any CPU
		{00000013-0000-4000-8000-000000000000}.Release|Any CPU.ActiveCfg = Release|Any CPU
		{00000013-0000-4000-8000-000000000000}.Release|Any CPU.Build.0 = Release|Any CPU
		{00000014-0000-4000-8000-000000000000}.Debug|Any CPU.ActiveCfg = Debug|Any CPU
		{00000014-0000-4000-8000-000000000000}.Debug|Any CPU.Build.0 = Debug|Any CPU
		{00000014-0000-4000-8000-000000000000}.Release|Any CPU.ActiveCfg = Release|Any CPU
		{00000014-0000-4000-8000-000000000000}.Release|Any CPU.Build.0 = Release|Any CPU
		{00000015-0000-4000-8000-000000000000}.Debug|Any CPU.ActiveCfg = Debug|Any CPU
		{00000015-0000-4000-8000-000000000000}.Debug|Any CPU.Build.0 = Debug|Any CPU
		{00000015-0000-4000-8000-000000000000}.Release|Any CPU.ActiveCfg = Release|Any CPU
		{00000015-0000-4000-8000-000000000000}.Release|Any CPU.Build.0 = Release|Any CPU
		{00000016-0000-4000-8000-000000000000}.Debug|Any CPU.ActiveCfg = Debug|Any CPU
		{00000016-0000-4000-8000-000000000000}.Debug|Any CPU.Build.0 = Debug|Any CPU
		{00000016-0000-4000-8000-000000000000}.Release|Any CPU.ActiveCfg = Release|Any CPU
		{00000016-0000-4000-8000-000000000000}.Release|Any CPU.Build.0 = Release|Any CPU
		{00000017-0000-4000-8000-000000000000}.Debug|Any CPU.ActiveCfg = Debug|Any CPU
		{00000017-0000-4000-8000-000000000000}.Debug|Any CPU.Build.0 = Debug|Any CPU
		{00000017-0000-4000-8000-000000000000}.Release|Any CPU.ActiveCfg = Release|Any CPU
		{00000017-0000-4000-8000-000000000000}.Release|Any CPU.Build.0 = Release|Any CPU
		{00000018-0000-4000-8000-000000000000}.Debug|Any CPU.ActiveCfg = Debug|Any CPU
		{00000018-0000-4000-8000-000000000000}.Debug|Any CPU.Build.0 = Debug|Any CPU
		{00000018-0000-4000-8000-000000000000}.Release|Any CPU.ActiveCfg = Release|Any CPU
		{00000018-0000-4000-8000-000000000000}.Release|Any CPU.Build.0 = Release|Any CPU
		{00000019-0000-4000-8000-000000000000}.Debug|Any CPU.ActiveCfg = Debug|Any CPU
		{00000019-0000-4000-8000-000000000000}.Debug|Any CPU.Build.0 = Debug|Any CPU
		{00000019-0000-4000-8000-000000000000}.Release|Any CPU.ActiveCfg = Release|Any CPU
		{00000019-0000-4000-8000-000000000000}.Release|Any CPU.Build.0 = Release|Any CPU
		{0000001A-0000-4000-8000-000000000000}.Debug|Any CPU.ActiveCfg = Debug|Any CPU
		{0000001A-0000-4000-8000-000000000000}.Debug|Any CPU.Build.0 = Debug|Any CPU
		{0000001A-0000-4000-8000-000000000000}.Release|Any CPU.ActiveCfg = Release|Any CPU
		{0000001A-0000-4000-8000-000000000000}.Release|Any CPU.Build.0 = Release|Any CPU
		{0000001B-0000-4000-8000-000000000000}.Debug|Any CPU.ActiveCfg = Debug|Any CPU
		{0000001B-0000-4000-8000-000000000000}.Debug|Any CPU.Build.0 = Debug|Any CPU
		{0000001B-0000-4000-8000-000000000000}.Release|Any CPU.ActiveCfg = Release|Any CPU
		{0000001B-0000-4000-8000-000000000000}.Release|Any CPU.Build.0 = Release|Any CPU
		{0000001C-0000-4000-8000-000000000000}.Debug|Any CPU.ActiveCfg = Debug|Any CPU
		{0000001C-0000-4000-8000-000000000000}.Debug|Any CPU.Build.0 = Debug|Any CPU
		{0000001C-0000-4000-8000-000000000000}.Release|Any CPU.ActiveCfg = Release|Any CPU
		{0000001C-0000-4000-8000-000000000000}.Release|Any CPU.Build.0 = Release|Any CPU
		{0000001D-0000-4000-8000-000000000000}.Debug|Any CPU.ActiveCfg = Debug|Any CPU
		{0000001D-0000-4000-8000-000000000000}.Debug|Any CPU.Build.0 = Debug|Any CPU
		{0000001D-0000-4000-8000-000000000000}.Release|Any CPU.ActiveCfg = Release|Any CPU
		{0000001D-0000-4000-8000-000000000000}.Release|Any CPU.Build.0 = Release|Any CPU
		{0000001E-0000-4000-8000-000000000000}.Debug|Any CPU.ActiveCfg = Debug|Any CPU
		{0000001E-0000-4000-8000-000000000000}.Debug|Any CPU.Build.0 = Debug|Any CPU
		{0000001E-0000-4000-8000-000000000000}.Release|Any CPU.ActiveCfg = Release|Any CPU
		{0000001E-0000-4000-8000-000000000000}.Release|Any CPU.Build.0 = Release|Any CPU
		{0000001F-0000-4000-8000-000000000000}.Debug|Any CPU.ActiveCfg = Debug|Any CPU
		{0000001F-0000-4000-8000-000000000000}.Debug|Any CPU.Build.0 = Debug|Any CPU
		{0000001F-0000-4000-8000-000000000000}.Release|Any CPU.ActiveCfg = Release|Any CPU
		{0000001F-0000-4000-8000-000000000000}.Release|Any CPU.Build.0 = Release|Any CPU
		{00000020-0000-4000-8000-000000000000}.Debug|Any CPU.ActiveCfg = Debug|Any CPU
		{00000020-0000-4000-8000-000000000000}.Debug|Any CPU.Build.0 = Debug|Any CPU
		{00000020-0000-4000-8000-000000000000}.Release|Any CPU.ActiveCfg = Release|Any CPU
		{00000020-0000-4000-8000-000000000000}.Release|Any CPU.Build.0 = Release|Any CPU
		{00000021-0000-4000-8000-000000000000}.Debug|Any CPU.ActiveCfg = Debug|Any CPU
		{00000021-0000-4000-8000-000000000000}.Debug|Any CPU.Build.0 = Debug|Any CPU
		{00000021-0000-4000-8000-000000000000}.Release|Any CPU.ActiveCfg = Release|Any CPU
		{00000021-0000-4000-8000-000000000000}.Release|Any CPU.Build.0 = Release|Any CPU
		{00000022-0000-4000-8000-000000000000}.Debug|Any CPU.ActiveCfg = Debug|Any CPU
		{00000022-0000-4000-8000-000000000000}.Debug|Any CPU.Build.0 = Debug|Any CPU
		{00000022-0000-4000-8000-000000000000}.Release|Any CPU.ActiveCfg = Release|Any CPU
		{00000022-0000-4000-8000-000000000000}.Release|Any CPU.Build.0 = Release|Any CPU
		{00000023-0000-4000-8000-000000000000}.Debug|Any CPU.ActiveCfg = Debug|Any CPU
		{00000023-0000-4000-8000-000000000000}.Debug|Any CPU.Build.0 = Debug|Any CPU
		{00000023-0000-4000-8000-000000000000}.Release|Any CPU.ActiveCfg = Release|Any CPU
		{00000023-0000-4000-8000-000000000000}.Release|Any CPU.Build.0 = Release|Any CPU
		{00000024-0000-4000-8000-000000000000}.Debug|Any CPU.ActiveCfg = Debug|Any CPU
		{00000024-0000-4000-8000-000000000000}.Debug|Any CPU.Build.0 = Debug|Any CPU
		{00000024-0000-4000-8000-000000000000}.Release|Any CPU.ActiveCfg = Release|Any CPU
		{00000024-0000-4000-8000-000000000000}.Release|Any CPU.Build.0 = Release|Any CPU
		{00000025-0000-4000-8000-000000000000}.Debug|Any CPU.ActiveCfg = Debug|Any CPU
		{00000025-0000-4000-8000-000000000000}.Debug|Any CPU.Build.0 = Debug|Any CPU
		{00000025-0000-4000-8000-000000000000}.Release|Any CPU.ActiveCfg = Release|Any CPU
		{00000025-0000-4000-8000-000000000000}.Release|Any CPU.Build.0 = Release|Any CPU
		{00000026-0000-4000-8000-000000000000}.Debug|Any CPU.ActiveCfg = Debug|Any CPU
		{00000026-0000-4000-8000-000000000000}.Debug|Any CPU.Build.0 = Debug|Any CPU
		{00000026-0000-4000-8000-000000000000}.Release|Any CPU.ActiveCfg = Release|Any CPU
		{00000026-0000-4000-8000-000000000000}.Release|Any CPU.Build.0 = Release|Any CPU
		{00000027-0000-4000-8000-000000000000}.Debug|Any CPU.ActiveCfg = Debug|Any CPU
		{00000027-0000-4000-8000-000000000000}.Debug|Any CPU.Build.0 = Debug|Any CPU
		{00000027-0000-4000-8000-000000000000}.Release|Any CPU.ActiveCfg = Release|Any CPU
		{00000027-0000-4000-8000-000000000000}.Release|Any CPU.Build.0 = Release|Any CPU
		{00000028-0000-4000-8000-000000000000}.Debug|Any CPU.ActiveCfg = Debug|Any CPU
		{00000028-0000-4000-8000-000000000000}.Debug|Any CPU.Build.0 = Debug|Any CPU
		{00000028-0000-4000-8000-000000000000}.Release|Any CPU.ActiveCfg = Release|Any CPU
		{00000028-0000-4000-8000-000000000000}.Release|Any CPU.Build.0 = Release|Any CPU
		{00000029-0000-4000-8000-000000000000}.Debug|Any CPU.ActiveCfg = Debug|Any CPU
		{00000029-0000-4000-8000-000000000000}.Debug|Any CPU.Build.0 = Debug|Any CPU
		{00000029-0000-4000-8000-000000000000}.Release|Any CPU.ActiveCfg = Release|Any CPU
		{00000029-0000-4000-8000-000000000000}.Release|Any CPU.Build.0 = Release|Any CPU
		{0000002A-0000-4000-8000-000000000000}.Debug|Any CPU.ActiveCfg = Debug|Any CPU
		{0000002A-0000-4000-8000-000000000000}.Debug|Any CPU.Build.0 = Debug|Any CPU
		{0000002A-0000-4000-8000-000000000000}.Release|Any CPU.ActiveCfg = Release|Any CPU
		{0000002A-0000-4000-8000-000000000000}.Release|Any CPU.Build.0 = Release|Any CPU
		{0000002B-0000-4000-8000-000000000000}.Debug|Any CPU.ActiveCfg = Debug|Any CPU
		{0000002B-0000-4000-8000-000000000000}.Debug|Any CPU.Build.0 = Debug|Any CPU
		{0000002B-0000-4000-8000-000000000000}.Release|Any CPU.ActiveCfg = Release|Any CPU
		{0000002B-0000-4000-8000-000000000000}.Release|Any CPU.Build.0 = Release|Any CPU
		{0000002C-0000-4000-8000-000000000000}.Debug|Any CPU.ActiveCfg = Debug|Any CPU
		{0000002C-0000-4000-8000-000000000000}.Debug|Any CPU.Build.0 = Debug|Any CPU
		{0000002C-0000-4000-8000-000000000000}.Release|Any CPU.ActiveCfg = Release|Any CPU
		{0000002C-0000-4000-8000-000000000000}.Release|Any CPU.Build.0 = Release|Any CPU
		{0000002D-0000-4000-8000-000000000000}.Debug|Any CPU.ActiveCfg = Debug|Any CPU
		{0000002D-0000-4000-8000-000000000000}.Debug|Any CPU.Build.0 = Debug|Any CPU
		{0000002D-0000-4000-8000-000000000000}.Release|Any CPU.ActiveCfg = Release|Any CPU
		{0000002D-0000-4000-8000-000000000000}.Release|Any CPU.Build.0 = Release|Any CPU
		{0000002E-0000-4000-8000-000000000000}.Debug|Any CPU.ActiveCfg = Debug|Any CPU
		{0000002E-0000-4000-8000-000000000000}.Debug|Any CPU.Build.0 = Debug|Any CPU
		{0000002E-0000-4000-8000-000000000000}.Release|Any CPU.ActiveCfg = Release|Any CPU
		{0000002E-0000-4000-8000-000000000000}.Release|Any CPU.Build.0 = Release|Any CPU
		{0000002F-0000-4000-8000-000000000000}.Debug|Any CPU.ActiveCfg = Debug|Any CPU
		{0000002F-0000-4000-8000-000000000000}.Debug|Any CPU.Build.0 = Debug|Any CPU
		{0000002F-0000-4000-8000-000000000000}.Release|Any CPU.ActiveCfg = Release|Any CPU
		{0000002F-0000-4000-8000-000000000000}.Release|Any CPU.Build.0 = Release|Any CPU
		{00000030-0000-4000-8000-000000000000}.Debug|Any CPU.ActiveCfg = Debug|Any CPU
		{00000030-0000-4000-8000-000000000000}.Debug|Any CPU.Build.0 = Debug|Any CPU
		{00000030-0000-4000-8000-000000000000}.Release|Any CPU.ActiveCfg = Release|Any CPU
		{00000030-0000-4000-8000-000000000000}.Release|Any CPU.Build.0 = Release|Any CPU
		{00000031-0000-4000-8000-000000000000}.Debug|Any CPU.ActiveCfg = Debug|Any CPU
		{00000031-0000-4000-8000-000000000000}.Debug|Any CPU.Build.0 = Debug|Any CPU
		{00000031-0000-4000-8000-000000000000}.Release|Any CPU.ActiveCfg = Release|Any CPU
		{00000031-0000-4000-8000-000000000000}.Release|Any CPU.Build.0 = Release|Any CPU
	EndGlobalSection
EndGlobal
